{
  "version": 4,
  "terraform_version": "0.14.5",
  "serial": 36,
  "lineage": "4a145c82-88ee-0ff1-8a97-65cebf9f66e9",
  "outputs": {},
  "resources": [
    {
      "mode": "managed",
      "type": "google_container_cluster",
      "name": "primary",
      "provider": "provider[\"registry.terraform.io/hashicorp/google\"]",
      "instances": [
        {
          "schema_version": 1,
          "attributes": {
            "addons_config": [
              {
                "cloudrun_config": [],
                "horizontal_pod_autoscaling": [],
                "http_load_balancing": [],
                "network_policy_config": [
                  {
                    "disabled": true
                  }
                ]
              }
            ],
            "authenticator_groups_config": [],
            "cluster_autoscaling": [
              {
                "auto_provisioning_defaults": [],
                "enabled": false,
                "resource_limits": []
              }
            ],
            "cluster_ipv4_cidr": "10.0.0.0/14",
            "database_encryption": [
              {
                "key_name": "",
                "state": "DECRYPTED"
              }
            ],
            "default_max_pods_per_node": null,
            "description": "",
            "enable_binary_authorization": false,
            "enable_intranode_visibility": null,
            "enable_kubernetes_alpha": false,
            "enable_legacy_abac": false,
            "enable_shielded_nodes": false,
            "enable_tpu": null,
            "endpoint": "34.72.67.130",
            "id": "projects/useful-aquifer-302901/locations/us-central1/clusters/my-gke-cluster",
            "initial_node_count": 1,
            "instance_group_urls": [],
            "ip_allocation_policy": [],
            "label_fingerprint": "a9dc16a7",
            "location": "us-central1",
            "logging_service": "logging.googleapis.com/kubernetes",
            "maintenance_policy": [],
            "master_auth": [
              {
                "client_certificate": "",
                "client_certificate_config": [
                  {
                    "issue_client_certificate": false
                  }
                ],
                "client_key": "",
                "cluster_ca_certificate": "LS0tLS1CRUdJTiBDRVJUSUZJQ0FURS0tLS0tCk1JSURLakNDQWhLZ0F3SUJBZ0lRTUo0V0paczgyL3RuUkZWWXUwaFZkekFOQmdrcWhraUc5dzBCQVFzRkFEQXYKTVMwd0t3WURWUVFERXlSaFpUQTFPVGsyTVMwNFpETTJMVFE0TlRNdE9HWTBOeTAwWTJFNU5XUTNNMkUxT1RFdwpIaGNOTWpFd01USTVNVGd5T1RBMVdoY05Nall3TVRJNE1Ua3lPVEExV2pBdk1TMHdLd1lEVlFRREV5UmhaVEExCk9UazJNUzA0WkRNMkxUUTROVE10T0dZME55MDBZMkU1TldRM00yRTFPVEV3Z2dFaU1BMEdDU3FHU0liM0RRRUIKQVFVQUE0SUJEd0F3Z2dFS0FvSUJBUURTZEtLUzBYSWZNaHF6OUZEL0FVSkd2ZGpRSXRGZTUrQTFmeTJvcmpOYwpqTW45bVpEMklqdWNuOXR3OTVRQzVWMk1FSktKOGk3dUdWUlp6K2syc1M0cWZQbW0rWXkzbEJSRzFVMlFCSVJ2CnVjUko1eng2L0pkV1dIU25HbU1uZStYMzhVSU9CWUZlMFZ3TTl3ZFpiTFdyekhVL0xqdXdLUXJhVFY1SzdOOFYKb2ZIcXcrQVJPUEk5K0E4WVFmdXc1RFpzVHhKZThsN1lYUVNaMHB5LzFJTG1sUVhYZkNoV1RNMFhGaDhYWnMraApCaTZoOWVweW9OWTdVSGJWOVRpYitkMXdLNDN4Tmt2eTBhWXA0VjBPUFpNV1lkN0NOUTdiSXJxM1lVUjhqQzFBCldRZkNFV1lnRCtHR3IzM254Ymk1NnMxMkM1eS81cWpNekxZUzBsYmc0aTFCQWdNQkFBR2pRakJBTUE0R0ExVWQKRHdFQi93UUVBd0lDQkRBUEJnTlZIUk1CQWY4RUJUQURBUUgvTUIwR0ExVWREZ1FXQkJReXVudkRaUDNkMHR3bwpCUDgvQnV5SC85UHl4VEFOQmdrcWhraUc5dzBCQVFzRkFBT0NBUUVBampKYTNUbSt1anBlWGtFQXQyUU83bEYrCkFQQnlvUzBSS2JkRXhtOXphcHNqN2Y2dGN4UGZuQ1czUDcwZ0daV1VQYkpnVzEvUWF4amQrdE1mVUJjSTNrSVcKemtYTFY1NlBtYVpPRy8wcExnMGZncUN1bTFweUVNaDFHT0ZhOWxlb0xkWEU1d0pseGtOajVBRkQ2bFpzcFpqQQpDYVQ5c1cwVlN5eC9ZYUIreHNxa2s4MlgrYlBjSWtob1hjdm51Ukg3OUxUc2lyV3Zvd2ZYOGUybmxYM0hXWEozCk1CL1dBdjVmSXltcjFGU1prbkc5Q1NFNERrNGF0cWcxYU52Nk54MVJHUDJEWFlwNUJ1ZFpaOWlyTjExdFVNZ2UKYTVEQzZYTUJXY2FkY1hCNDNYZWFJbG1vY3J1M3F4dEVCa1BwVHhCTGw0bS9uUFZyVS9yWjJvZHZsdW9YK1E9PQotLS0tLUVORCBDRVJUSUZJQ0FURS0tLS0tCg==",
                "password": "",
                "username": ""
              }
            ],
            "master_authorized_networks_config": [],
            "master_version": "1.16.15-gke.6000",
            "min_master_version": null,
            "monitoring_service": "monitoring.googleapis.com/kubernetes",
            "name": "my-gke-cluster",
            "network": "projects/useful-aquifer-302901/global/networks/default",
            "network_policy": [
              {
                "enabled": false,
                "provider": "PROVIDER_UNSPECIFIED"
              }
            ],
            "node_config": [],
            "node_locations": [
              "us-central1-a"
            ],
            "node_pool": [],
            "node_version": "1.16.15-gke.6000",
            "operation": null,
            "pod_security_policy_config": [],
            "private_cluster_config": [],
            "project": "useful-aquifer-302901",
            "release_channel": [
              {
                "channel": "UNSPECIFIED"
              }
            ],
            "remove_default_node_pool": true,
            "resource_labels": null,
            "resource_usage_export_config": [],
            "self_link": "https://container.googleapis.com/v1beta1/projects/useful-aquifer-302901/locations/us-central1/clusters/my-gke-cluster",
            "services_ipv4_cidr": "10.3.240.0/20",
            "subnetwork": "projects/useful-aquifer-302901/regions/us-central1/subnetworks/default",
            "timeouts": null,
            "vertical_pod_autoscaling": [],
            "workload_identity_config": []
          },
          "sensitive_attributes": [],
          "private": "eyJlMmJmYjczMC1lY2FhLTExZTYtOGY4OC0zNDM2M2JjN2M0YzAiOnsiY3JlYXRlIjoyNDAwMDAwMDAwMDAwLCJkZWxldGUiOjI0MDAwMDAwMDAwMDAsInJlYWQiOjI0MDAwMDAwMDAwMDAsInVwZGF0ZSI6MzYwMDAwMDAwMDAwMH0sInNjaGVtYV92ZXJzaW9uIjoiMSJ9"
        }
      ]
    },
    {
      "mode": "managed",
      "type": "google_container_node_pool",
      "name": "primary_preemptible_nodes",
      "provider": "provider[\"registry.terraform.io/hashicorp/google\"]",
      "instances": [
        {
          "schema_version": 1,
          "attributes": {
            "autoscaling": [],
            "cluster": "my-gke-cluster",
            "id": "projects/useful-aquifer-302901/locations/us-central1/clusters/my-gke-cluster/nodePools/my-node-pool",
            "initial_node_count": 1,
            "instance_group_urls": [
              "https://www.googleapis.com/compute/v1/projects/useful-aquifer-302901/zones/us-central1-a/instanceGroupManagers/gke-my-gke-cluster-my-node-pool-e19a9f56-grp"
            ],
            "location": "us-central1",
            "management": [
              {
                "auto_repair": true,
                "auto_upgrade": true
              }
            ],
            "max_pods_per_node": null,
            "name": "my-node-pool",
            "name_prefix": "",
            "node_config": [
              {
                "disk_size_gb": 100,
                "disk_type": "pd-standard",
                "guest_accelerator": [],
                "image_type": "COS",
                "labels": {},
                "local_ssd_count": 0,
                "machine_type": "e2-medium",
                "metadata": {
                  "disable-legacy-endpoints": "true"
                },
                "min_cpu_platform": "",
                "oauth_scopes": [
                  "https://www.googleapis.com/auth/cloud-platform"
                ],
                "preemptible": true,
                "service_account": "service-account-id@useful-aquifer-302901.iam.gserviceaccount.com",
                "shielded_instance_config": [
                  {
                    "enable_integrity_monitoring": true,
                    "enable_secure_boot": false
                  }
                ],
                "tags": null,
                "taint": [],
                "workload_metadata_config": []
              }
            ],
            "node_count": 1,
            "node_locations": [
              "us-central1-a"
            ],
            "project": "useful-aquifer-302901",
            "timeouts": null,
            "upgrade_settings": [
              {
                "max_surge": 1,
                "max_unavailable": 0
              }
            ],
            "version": "1.16.15-gke.6000"
          },
          "sensitive_attributes": [],
          "private": "eyJlMmJmYjczMC1lY2FhLTExZTYtOGY4OC0zNDM2M2JjN2M0YzAiOnsiY3JlYXRlIjoxODAwMDAwMDAwMDAwLCJkZWxldGUiOjE4MDAwMDAwMDAwMDAsInVwZGF0ZSI6MTgwMDAwMDAwMDAwMH0sInNjaGVtYV92ZXJzaW9uIjoiMSJ9",
          "dependencies": [
            "google_container_cluster.primary",
            "google_service_account.default"
          ]
        }
      ]
    },
    {
      "mode": "managed",
      "type": "google_service_account",
      "name": "default",
      "provider": "provider[\"registry.terraform.io/hashicorp/google\"]",
      "instances": [
        {
          "schema_version": 0,
          "attributes": {
            "account_id": "service-account-id",
            "description": "",
            "display_name": "Service Account",
            "email": "service-account-id@useful-aquifer-302901.iam.gserviceaccount.com",
            "id": "projects/useful-aquifer-302901/serviceAccounts/service-account-id@useful-aquifer-302901.iam.gserviceaccount.com",
            "name": "projects/useful-aquifer-302901/serviceAccounts/service-account-id@useful-aquifer-302901.iam.gserviceaccount.com",
            "project": "useful-aquifer-302901",
            "timeouts": null,
            "unique_id": "100760424284806031233"
          },
          "sensitive_attributes": [],
          "private": "eyJlMmJmYjczMC1lY2FhLTExZTYtOGY4OC0zNDM2M2JjN2M0YzAiOnsiY3JlYXRlIjozMDAwMDAwMDAwMDB9fQ=="
        }
      ]
    }
  ]
}
